
Microsoft Visual Studio Solution File, Format Version 12.00
# Visual Studio Version 17
VisualStudioVersion = 17.0.31903.59
MinimumVisualStudioVersion = 10.0.40219.1
Project("{2150E333-8FDC-42A3-9474-1A3956D46DE8}") = "src", "src", "{827E0CD3-B72D-47B6-A68D-7590B98EB39B}"
EndProject
Project("{FAE04EC0-301F-11D3-BF4B-00C04F79EFBC}") = "BlazorDevTools.Client", "src\BlazorDevTools.Client\BlazorDevTools.Client.csproj", "{277A88F3-2512-479A-A0BF-ACEE04631645}"
EndProject
Project("{2150E333-8FDC-42A3-9474-1A3956D46DE8}") = "tests", "tests", "{A1B2C3D4-E5F6-7890-ABCD-EF1234567890}"
EndProject
Project("{FAE04EC0-301F-11D3-BF4B-00C04F79EFBC}") = "BlazorDevTools.Client.Tests", "tests\BlazorDevTools.Client.Tests\BlazorDevTools.Client.Tests.csproj", "{C3D4E5F6-A7B8-9012-CDEF-123456789012}"
EndProject
Project("{2150E333-8FDC-42A3-9474-1A3956D46DE8}") = "samples", "samples", "{5D20AA90-6969-D8BD-9DCD-8634F4692FDA}"
EndProject
Project("{FAE04EC0-301F-11D3-BF4B-00C04F79EFBC}") = "BlazorDevTools.Sample.Wasm", "samples\BlazorDevTools.Sample.Wasm\BlazorDevTools.Sample.Wasm.csproj", "{6BEA4D81-8D9C-4E7B-B2A2-041CD9D45653}"
EndProject
Project("{FAE04EC0-301F-11D3-BF4B-00C04F79EFBC}") = "BlazorDevTools.Sample.Server", "samples\BlazorDevTools.Sample.Server\BlazorDevTools.Sample.Server.csproj", "{B6D60720-3848-48AF-9A23-E2B02B62B233}"
EndProject
Global
	GlobalSection(SolutionConfigurationPlatforms) = preSolution
		Debug|Any CPU = Debug|Any CPU
		Debug|x64 = Debug|x64
		Debug|x86 = Debug|x86
		Release|Any CPU = Release|Any CPU
		Release|x64 = Release|x64
		Release|x86 = Release|x86
	EndGlobalSection
	GlobalSection(ProjectConfigurationPlatforms) = postSolution
		{277A88F3-2512-479A-A0BF-ACEE04631645}.Debug|Any CPU.ActiveCfg = Debug|Any CPU
		{277A88F3-2512-479A-A0BF-ACEE04631645}.Debug|Any CPU.Build.0 = Debug|Any CPU
		{277A88F3-2512-479A-A0BF-ACEE04631645}.Debug|x64.ActiveCfg = Debug|Any CPU
		{277A88F3-2512-479A-A0BF-ACEE04631645}.Debug|x64.Build.0 = Debug|Any CPU
		{277A88F3-2512-479A-A0BF-ACEE04631645}.Debug|x86.ActiveCfg = Debug|Any CPU
		{277A88F3-2512-479A-A0BF-ACEE04631645}.Debug|x86.Build.0 = Debug|Any CPU
		{277A88F3-2512-479A-A0BF-ACEE04631645}.Release|Any CPU.ActiveCfg = Release|Any CPU
		{277A88F3-2512-479A-A0BF-ACEE04631645}.Release|Any CPU.Build.0 = Release|Any CPU
		{277A88F3-2512-479A-A0BF-ACEE04631645}.Release|x64.ActiveCfg = Release|Any CPU
		{277A88F3-2512-479A-A0BF-ACEE04631645}.Release|x64.Build.0 = Release|Any CPU
		{277A88F3-2512-479A-A0BF-ACEE04631645}.Release|x86.ActiveCfg = Release|Any CPU
		{277A88F3-2512-479A-A0BF-ACEE04631645}.Release|x86.Build.0 = Release|Any CPU
		{6BEA4D81-8D9C-4E7B-B2A2-041CD9D45653}.Debug|Any CPU.ActiveCfg = Debug|Any CPU
		{6BEA4D81-8D9C-4E7B-B2A2-041CD9D45653}.Debug|Any CPU.Build.0 = Debug|Any CPU
		{6BEA4D81-8D9C-4E7B-B2A2-041CD9D45653}.Debug|x64.ActiveCfg = Debug|Any CPU
		{6BEA4D81-8D9C-4E7B-B2A2-041CD9D45653}.Debug|x64.Build.0 = Debug|Any CPU
		{6BEA4D81-8D9C-4E7B-B2A2-041CD9D45653}.Debug|x86.ActiveCfg = Debug|Any CPU
		{6BEA4D81-8D9C-4E7B-B2A2-041CD9D45653}.Debug|x86.Build.0 = Debug|Any CPU
		{6BEA4D81-8D9C-4E7B-B2A2-041CD9D45653}.Release|Any CPU.ActiveCfg = Release|Any CPU
		{6BEA4D81-8D9C-4E7B-B2A2-041CD9D45653}.Release|Any CPU.Build.0 = Release|Any CPU
		{6BEA4D81-8D9C-4E7B-B2A2-041CD9D45653}.Release|x64.ActiveCfg = Release|Any CPU
		{6BEA4D81-8D9C-4E7B-B2A2-041CD9D45653}.Release|x64.Build.0 = Release|Any CPU
		{6BEA4D81-8D9C-4E7B-B2A2-041CD9D45653}.Release|x86.ActiveCfg = Release|Any CPU
		{6BEA4D81-8D9C-4E7B-B2A2-041CD9D45653}.Release|x86.Build.0 = Release|Any CPU
		{B6D60720-3848-48AF-9A23-E2B02B62B233}.Debug|Any CPU.ActiveCfg = Debug|Any CPU
		{B6D60720-3848-48AF-9A23-E2B02B62B233}.Debug|Any CPU.Build.0 = Debug|Any CPU
		{B6D60720-3848-48AF-9A23-E2B02B62B233}.Debug|x64.ActiveCfg = Debug|Any CPU
		{B6D60720-3848-48AF-9A23-E2B02B62B233}.Debug|x64.Build.0 = Debug|Any CPU
		{B6D60720-3848-48AF-9A23-E2B02B62B233}.Debug|x86.ActiveCfg = Debug|Any CPU
		{B6D60720-3848-48AF-9A23-E2B02B62B233}.Debug|x86.Build.0 = Debug|Any CPU
		{B6D60720-3848-48AF-9A23-E2B02B62B233}.Release|Any CPU.ActiveCfg = Release|Any CPU
		{B6D60720-3848-48AF-9A23-E2B02B62B233}.Release|Any CPU.Build.0 = Release|Any CPU
		{B6D60720-3848-48AF-9A23-E2B02B62B233}.Release|x64.ActiveCfg = Release|Any CPU
		{B6D60720-3848-48AF-9A23-E2B02B62B233}.Release|x64.Build.0 = Release|Any CPU
		{B6D60720-3848-48AF-9A23-E2B02B62B233}.Release|x86.ActiveCfg = Release|Any CPU
		{B6D60720-3848-48AF-9A23-E2B02B62B233}.Release|x86.Build.0 = Release|Any CPU
		{C3D4E5F6-A7B8-9012-CDEF-123456789012}.Debug|Any CPU.ActiveCfg = Debug|Any CPU
		{C3D4E5F6-A7B8-9012-CDEF-123456789012}.Debug|Any CPU.Build.0 = Debug|Any CPU
		{C3D4E5F6-A7B8-9012-CDEF-123456789012}.Debug|x64.ActiveCfg = Debug|Any CPU
		{C3D4E5F6-A7B8-9012-CDEF-123456789012}.Debug|x64.Build.0 = Debug|Any CPU
		{C3D4E5F6-A7B8-9012-CDEF-123456789012}.Debug|x86.ActiveCfg = Debug|Any CPU
		{C3D4E5F6-A7B8-9012-CDEF-123456789012}.Debug|x86.Build.0 = Debug|Any CPU
		{C3D4E5F6-A7B8-9012-CDEF-123456789012}.Release|Any CPU.ActiveCfg = Release|Any CPU
		{C3D4E5F6-A7B8-9012-CDEF-123456789012}.Release|Any CPU.Build.0 = Release|Any CPU
		{C3D4E5F6-A7B8-9012-CDEF-123456789012}.Release|x64.ActiveCfg = Release|Any CPU
		{C3D4E5F6-A7B8-9012-CDEF-123456789012}.Release|x64.Build.0 = Release|Any CPU
		{C3D4E5F6-A7B8-9012-CDEF-123456789012}.Release|x86.ActiveCfg = Release|Any CPU
		{C3D4E5F6-A7B8-9012-CDEF-123456789012}.Release|x86.Build.0 = Release|Any CPU
	EndGlobalSection
	GlobalSection(SolutionProperties) = preSolution
		HideSolutionNode = FALSE
	EndGlobalSection
	GlobalSection(NestedProjects) = preSolution
		{277A88F3-2512-479A-A0BF-ACEE04631645} = {827E0CD3-B72D-47B6-A68D-7590B98EB39B}
		{6BEA4D81-8D9C-4E7B-B2A2-041CD9D45653} = {5D20AA90-6969-D8BD-9DCD-8634F4692FDA}
		{B6D60720-3848-48AF-9A23-E2B02B62B233} = {5D20AA90-6969-D8BD-9DCD-8634F4692FDA}
		{C3D4E5F6-A7B8-9012-CDEF-123456789012} = {A1B2C3D4-E5F6-7890-ABCD-EF1234567890}
	EndGlobalSection
EndGlobal
